
Microsoft Visual Studio Solution File, Format Version 12.00
# Visual Studio Version 17
VisualStudioVersion = 17.11.35327.3
MinimumVisualStudioVersion = 10.0.40219.1
Project("{9A19103F-16F7-4668-BE54-9A1E7A4F7556}") = "7097CEMShoppingSite", "7097CEMShoppingSite\7097CEMShoppingSite.csproj", "{041E1C2F-C736-42A6-BD5C-28CC2845BA40}"
EndProject
Global
	GlobalSection(SolutionConfigurationPlatforms) = preSolution
		Debug|Any CPU = Debug|Any CPU
		Release|Any CPU = Release|Any CPU
	EndGlobalSection
	GlobalSection(ProjectConfigurationPlatforms) = postSolution
		{041E1C2F-C736-42A6-BD5C-28CC2845BA40}.Debug|Any CPU.ActiveCfg = Debug|Any CPU
		{041E1C2F-C736-42A6-BD5C-28CC2845BA40}.Debug|Any CPU.Build.0 = Debug|Any CPU
		{041E1C2F-C736-42A6-BD5C-28CC2845BA40}.Release|Any CPU.ActiveCfg = Release|Any CPU
		{041E1C2F-C736-42A6-BD5C-28CC2845BA40}.Release|Any CPU.Build.0 = Release|Any CPU
	EndGlobalSection
	GlobalSection(SolutionProperties) = preSolution
		HideSolutionNode = FALSE
	EndGlobalSection
	GlobalSection(ExtensibilityGlobals) = postSolution
		SolutionGuid = {EF1437ED-7AA7-4EC0-816F-6111E4138717}
	EndGlobalSection
EndGlobal
